// !$*UTF8*$!
{
	archiveVersion = 1;
	classes = {
	};
	objectVersion = 50;
	objects = {

/* Begin PBXBuildFile section */
		BC3B944425648C31001E35EF /* AppDelegate.swift in Sources */ = {isa = PBXBuildFile; fileRef = BC3B944325648C31001E35EF /* AppDelegate.swift */; };
		BC3B944725648C31001E35EF /* Main.storyboard in Resources */ = {isa = PBXBuildFile; fileRef = BC3B944525648C31001E35EF /* Main.storyboard */; };
		BC3B944925648C31001E35EF /* ViewController.swift in Sources */ = {isa = PBXBuildFile; fileRef = BC3B944825648C31001E35EF /* ViewController.swift */; };
		BC3B944B25648C31001E35EF /* Assets.xcassets in Resources */ = {isa = PBXBuildFile; fileRef = BC3B944A25648C31001E35EF /* Assets.xcassets */; };
		BC3B945225648C31001E35EF /* Sauce for Strava™ Extension.appex in Embed App Extensions */ = {isa = PBXBuildFile; fileRef = BC3B945125648C31001E35EF /* Sauce for Strava™ Extension.appex */; settings = {ATTRIBUTES = (RemoveHeadersOnCopy, ); }; };
		BC3B945725648C31001E35EF /* Cocoa.framework in Frameworks */ = {isa = PBXBuildFile; fileRef = BC3B945625648C31001E35EF /* Cocoa.framework */; };
		BC3B945A25648C31001E35EF /* SafariWebExtensionHandler.swift in Sources */ = {isa = PBXBuildFile; fileRef = BC3B945925648C31001E35EF /* SafariWebExtensionHandler.swift */; };
		BC3B947C25648C32001E35EF /* tools in Resources */ = {isa = PBXBuildFile; fileRef = BC3B946725648C32001E35EF /* tools */; };
		BC3B947D25648C32001E35EF /* test in Resources */ = {isa = PBXBuildFile; fileRef = BC3B946825648C32001E35EF /* test */; };
		BC3B947E25648C32001E35EF /* Makefile in Sources */ = {isa = PBXBuildFile; fileRef = BC3B946925648C32001E35EF /* Makefile */; };
		BC3B947F25648C32001E35EF /* css in Resources */ = {isa = PBXBuildFile; fileRef = BC3B946A25648C32001E35EF /* css */; };
		BC3B948025648C32001E35EF /* images in Resources */ = {isa = PBXBuildFile; fileRef = BC3B946B25648C32001E35EF /* images */; };
		BC3B948125648C32001E35EF /* scss in Resources */ = {isa = PBXBuildFile; fileRef = BC3B946C25648C32001E35EF /* scss */; };
		BC3B948225648C32001E35EF /* manifest_gecko.json in Resources */ = {isa = PBXBuildFile; fileRef = BC3B946D25648C32001E35EF /* manifest_gecko.json */; };
		BC3B948325648C32001E35EF /* node_modules in Resources */ = {isa = PBXBuildFile; fileRef = BC3B946E25648C32001E35EF /* node_modules */; };
		BC3B948425648C32001E35EF /* LICENSE in Resources */ = {isa = PBXBuildFile; fileRef = BC3B946F25648C32001E35EF /* LICENSE */; };
		BC3B948525648C32001E35EF /* manifest_chromium.json in Resources */ = {isa = PBXBuildFile; fileRef = BC3B947025648C32001E35EF /* manifest_chromium.json */; };
		BC3B948625648C32001E35EF /* safari-app in Resources */ = {isa = PBXBuildFile; fileRef = BC3B947125648C32001E35EF /* safari-app */; };
		BC3B948725648C32001E35EF /* package.json in Resources */ = {isa = PBXBuildFile; fileRef = BC3B947225648C32001E35EF /* package.json */; };
		BC3B948825648C32001E35EF /* README.md in Resources */ = {isa = PBXBuildFile; fileRef = BC3B947325648C32001E35EF /* README.md */; };
		BC3B948925648C32001E35EF /* manifest.json in Resources */ = {isa = PBXBuildFile; fileRef = BC3B947425648C32001E35EF /* manifest.json */; };
		BC3B948A25648C32001E35EF /* templates in Resources */ = {isa = PBXBuildFile; fileRef = BC3B947525648C32001E35EF /* templates */; };
		BC3B948B25648C32001E35EF /* _locales in Resources */ = {isa = PBXBuildFile; fileRef = BC3B947625648C32001E35EF /* _locales */; };
		BC3B948C25648C32001E35EF /* manifest_base.json in Resources */ = {isa = PBXBuildFile; fileRef = BC3B947725648C32001E35EF /* manifest_base.json */; };
		BC3B948D25648C32001E35EF /* assets in Resources */ = {isa = PBXBuildFile; fileRef = BC3B947825648C32001E35EF /* assets */; };
		BC3B948E25648C32001E35EF /* pages in Resources */ = {isa = PBXBuildFile; fileRef = BC3B947925648C32001E35EF /* pages */; };
		BC3B948F25648C32001E35EF /* build.json in Resources */ = {isa = PBXBuildFile; fileRef = BC3B947A25648C32001E35EF /* build.json */; };
		BC3B949025648C32001E35EF /* src in Resources */ = {isa = PBXBuildFile; fileRef = BC3B947B25648C32001E35EF /* src */; };
/* End PBXBuildFile section */

/* Begin PBXContainerItemProxy section */
		BC3B945325648C31001E35EF /* PBXContainerItemProxy */ = {
			isa = PBXContainerItemProxy;
			containerPortal = BC3B943725648C31001E35EF /* Project object */;
			proxyType = 1;
			remoteGlobalIDString = BC3B945025648C31001E35EF;
			remoteInfo = "Sauce for Strava™ Extension";
		};
/* End PBXContainerItemProxy section */

/* Begin PBXCopyFilesBuildPhase section */
		BC3B946225648C31001E35EF /* Embed App Extensions */ = {
			isa = PBXCopyFilesBuildPhase;
			buildActionMask = 2147483647;
			dstPath = "";
			dstSubfolderSpec = 13;
			files = (
				BC3B945225648C31001E35EF /* Sauce for Strava™ Extension.appex in Embed App Extensions */,
			);
			name = "Embed App Extensions";
			runOnlyForDeploymentPostprocessing = 0;
		};
/* End PBXCopyFilesBuildPhase section */

/* Begin PBXFileReference section */
		BC3B943F25648C31001E35EF /* Sauce for Strava™.app */ = {isa = PBXFileReference; explicitFileType = wrapper.application; includeInIndex = 0; path = "Sauce for Strava™.app"; sourceTree = BUILT_PRODUCTS_DIR; };
		BC3B944325648C31001E35EF /* AppDelegate.swift */ = {isa = PBXFileReference; lastKnownFileType = sourcecode.swift; path = AppDelegate.swift; sourceTree = "<group>"; };
		BC3B944625648C31001E35EF /* Base */ = {isa = PBXFileReference; lastKnownFileType = file.storyboard; name = Base; path = Base.lproj/Main.storyboard; sourceTree = "<group>"; };
		BC3B944825648C31001E35EF /* ViewController.swift */ = {isa = PBXFileReference; lastKnownFileType = sourcecode.swift; path = ViewController.swift; sourceTree = "<group>"; };
		BC3B944A25648C31001E35EF /* Assets.xcassets */ = {isa = PBXFileReference; lastKnownFileType = folder.assetcatalog; path = Assets.xcassets; sourceTree = "<group>"; };
		BC3B944C25648C31001E35EF /* Info.plist */ = {isa = PBXFileReference; lastKnownFileType = text.plist.xml; path = Info.plist; sourceTree = "<group>"; };
		BC3B945125648C31001E35EF /* Sauce for Strava™ Extension.appex */ = {isa = PBXFileReference; explicitFileType = "wrapper.app-extension"; includeInIndex = 0; path = "Sauce for Strava™ Extension.appex"; sourceTree = BUILT_PRODUCTS_DIR; };
		BC3B945625648C31001E35EF /* Cocoa.framework */ = {isa = PBXFileReference; lastKnownFileType = wrapper.framework; name = Cocoa.framework; path = System/Library/Frameworks/Cocoa.framework; sourceTree = SDKROOT; };
		BC3B945925648C31001E35EF /* SafariWebExtensionHandler.swift */ = {isa = PBXFileReference; lastKnownFileType = sourcecode.swift; path = SafariWebExtensionHandler.swift; sourceTree = "<group>"; };
		BC3B945B25648C31001E35EF /* Info.plist */ = {isa = PBXFileReference; lastKnownFileType = text.plist.xml; path = Info.plist; sourceTree = "<group>"; };
		BC3B946725648C32001E35EF /* tools */ = {isa = PBXFileReference; lastKnownFileType = folder; name = tools; path = ../../../tools; sourceTree = "<group>"; };
		BC3B946825648C32001E35EF /* test */ = {isa = PBXFileReference; lastKnownFileType = folder; name = test; path = ../../../test; sourceTree = "<group>"; };
		BC3B946925648C32001E35EF /* Makefile */ = {isa = PBXFileReference; lastKnownFileType = sourcecode.make; name = Makefile; path = ../../../Makefile; sourceTree = "<group>"; };
		BC3B946A25648C32001E35EF /* css */ = {isa = PBXFileReference; lastKnownFileType = folder; name = css; path = ../../../css; sourceTree = "<group>"; };
		BC3B946B25648C32001E35EF /* images */ = {isa = PBXFileReference; lastKnownFileType = folder; name = images; path = ../../../images; sourceTree = "<group>"; };
		BC3B946C25648C32001E35EF /* scss */ = {isa = PBXFileReference; lastKnownFileType = folder; name = scss; path = ../../../scss; sourceTree = "<group>"; };
		BC3B946D25648C32001E35EF /* manifest_gecko.json */ = {isa = PBXFileReference; lastKnownFileType = text.json; name = manifest_gecko.json; path = ../../../manifest_gecko.json; sourceTree = "<group>"; };
		BC3B946E25648C32001E35EF /* node_modules */ = {isa = PBXFileReference; lastKnownFileType = folder; name = node_modules; path = ../../../node_modules; sourceTree = "<group>"; };
		BC3B946F25648C32001E35EF /* LICENSE */ = {isa = PBXFileReference; lastKnownFileType = text; name = LICENSE; path = ../../../LICENSE; sourceTree = "<group>"; };
		BC3B947025648C32001E35EF /* manifest_chromium.json */ = {isa = PBXFileReference; lastKnownFileType = text.json; name = manifest_chromium.json; path = ../../../manifest_chromium.json; sourceTree = "<group>"; };
		BC3B947125648C32001E35EF /* safari-app */ = {isa = PBXFileReference; lastKnownFileType = folder; name = "safari-app"; path = ../..; sourceTree = "<group>"; };
		BC3B947225648C32001E35EF /* package.json */ = {isa = PBXFileReference; lastKnownFileType = text.json; name = package.json; path = ../../../package.json; sourceTree = "<group>"; };
		BC3B947325648C32001E35EF /* README.md */ = {isa = PBXFileReference; lastKnownFileType = net.daringfireball.markdown; name = README.md; path = ../../../README.md; sourceTree = "<group>"; };
		BC3B947425648C32001E35EF /* manifest.json */ = {isa = PBXFileReference; lastKnownFileType = text.json; name = manifest.json; path = ../../../manifest.json; sourceTree = "<group>"; };
		BC3B947525648C32001E35EF /* templates */ = {isa = PBXFileReference; lastKnownFileType = folder; name = templates; path = ../../../templates; sourceTree = "<group>"; };
		BC3B947625648C32001E35EF /* _locales */ = {isa = PBXFileReference; lastKnownFileType = folder; name = _locales; path = ../../../_locales; sourceTree = "<group>"; };
		BC3B947725648C32001E35EF /* manifest_base.json */ = {isa = PBXFileReference; lastKnownFileType = text.json; name = manifest_base.json; path = ../../../manifest_base.json; sourceTree = "<group>"; };
		BC3B947825648C32001E35EF /* assets */ = {isa = PBXFileReference; lastKnownFileType = folder; name = assets; path = ../../../assets; sourceTree = "<group>"; };
		BC3B947925648C32001E35EF /* pages */ = {isa = PBXFileReference; lastKnownFileType = folder; name = pages; path = ../../../pages; sourceTree = "<group>"; };
		BC3B947A25648C32001E35EF /* build.json */ = {isa = PBXFileReference; lastKnownFileType = text.json; name = build.json; path = ../../../build.json; sourceTree = "<group>"; };
		BC3B947B25648C32001E35EF /* src */ = {isa = PBXFileReference; lastKnownFileType = folder; name = src; path = ../../../src; sourceTree = "<group>"; };
		BCB25E8E25649ED400BAB291 /* sauce4strava.entitlements */ = {isa = PBXFileReference; fileEncoding = 4; lastKnownFileType = text.plist.entitlements; path = sauce4strava.entitlements; sourceTree = "<group>"; };
		BCB25E9125649F4E00BAB291 /* sauce4strava_Extension.entitlements */ = {isa = PBXFileReference; fileEncoding = 4; lastKnownFileType = text.plist.entitlements; path = sauce4strava_Extension.entitlements; sourceTree = "<group>"; };
/* End PBXFileReference section */

/* Begin PBXFrameworksBuildPhase section */
		BC3B943C25648C31001E35EF /* Frameworks */ = {
			isa = PBXFrameworksBuildPhase;
			buildActionMask = 2147483647;
			files = (
			);
			runOnlyForDeploymentPostprocessing = 0;
		};
		BC3B944E25648C31001E35EF /* Frameworks */ = {
			isa = PBXFrameworksBuildPhase;
			buildActionMask = 2147483647;
			files = (
				BC3B945725648C31001E35EF /* Cocoa.framework in Frameworks */,
			);
			runOnlyForDeploymentPostprocessing = 0;
		};
/* End PBXFrameworksBuildPhase section */

/* Begin PBXGroup section */
		BC3B943625648C31001E35EF = {
			isa = PBXGroup;
			children = (
				BC3B944125648C31001E35EF /* Sauce for Strava™ */,
				BC3B945825648C31001E35EF /* Sauce for Strava™ Extension */,
				BC3B945525648C31001E35EF /* Frameworks */,
				BC3B944025648C31001E35EF /* Products */,
			);
			sourceTree = "<group>";
		};
		BC3B944025648C31001E35EF /* Products */ = {
			isa = PBXGroup;
			children = (
				BC3B943F25648C31001E35EF /* Sauce for Strava™.app */,
				BC3B945125648C31001E35EF /* Sauce for Strava™ Extension.appex */,
			);
			name = Products;
			sourceTree = "<group>";
		};
		BC3B944125648C31001E35EF /* Sauce for Strava™ */ = {
			isa = PBXGroup;
			children = (
				BCB25E8E25649ED400BAB291 /* sauce4strava.entitlements */,
				BC3B944325648C31001E35EF /* AppDelegate.swift */,
				BC3B944525648C31001E35EF /* Main.storyboard */,
				BC3B944825648C31001E35EF /* ViewController.swift */,
				BC3B944A25648C31001E35EF /* Assets.xcassets */,
				BC3B944C25648C31001E35EF /* Info.plist */,
			);
			path = "Sauce for Strava™";
			sourceTree = "<group>";
		};
		BC3B945525648C31001E35EF /* Frameworks */ = {
			isa = PBXGroup;
			children = (
				BC3B945625648C31001E35EF /* Cocoa.framework */,
			);
			name = Frameworks;
			sourceTree = "<group>";
		};
		BC3B945825648C31001E35EF /* Sauce for Strava™ Extension */ = {
			isa = PBXGroup;
			children = (
				BC3B946625648C32001E35EF /* Resources */,
				BC3B945925648C31001E35EF /* SafariWebExtensionHandler.swift */,
				BC3B945B25648C31001E35EF /* Info.plist */,
				BCB25E9125649F4E00BAB291 /* sauce4strava_Extension.entitlements */,
			);
			path = "Sauce for Strava™ Extension";
			sourceTree = "<group>";
		};
		BC3B946625648C32001E35EF /* Resources */ = {
			isa = PBXGroup;
			children = (
				BC3B946725648C32001E35EF /* tools */,
				BC3B946825648C32001E35EF /* test */,
				BC3B946925648C32001E35EF /* Makefile */,
				BC3B946A25648C32001E35EF /* css */,
				BC3B946B25648C32001E35EF /* images */,
				BC3B946C25648C32001E35EF /* scss */,
				BC3B946D25648C32001E35EF /* manifest_gecko.json */,
				BC3B946E25648C32001E35EF /* node_modules */,
				BC3B946F25648C32001E35EF /* LICENSE */,
				BC3B947025648C32001E35EF /* manifest_chromium.json */,
				BC3B947125648C32001E35EF /* safari-app */,
				BC3B947225648C32001E35EF /* package.json */,
				BC3B947325648C32001E35EF /* README.md */,
				BC3B947425648C32001E35EF /* manifest.json */,
				BC3B947525648C32001E35EF /* templates */,
				BC3B947625648C32001E35EF /* _locales */,
				BC3B947725648C32001E35EF /* manifest_base.json */,
				BC3B947825648C32001E35EF /* assets */,
				BC3B947925648C32001E35EF /* pages */,
				BC3B947A25648C32001E35EF /* build.json */,
				BC3B947B25648C32001E35EF /* src */,
			);
			name = Resources;
			path = "Sauce for Strava™ Extension";
			sourceTree = SOURCE_ROOT;
		};
/* End PBXGroup section */

/* Begin PBXNativeTarget section */
		BC3B943E25648C31001E35EF /* Sauce for Strava™ */ = {
			isa = PBXNativeTarget;
			buildConfigurationList = BC3B946325648C31001E35EF /* Build configuration list for PBXNativeTarget "Sauce for Strava™" */;
			buildPhases = (
				BC3B943B25648C31001E35EF /* Sources */,
				BC3B943C25648C31001E35EF /* Frameworks */,
				BC3B943D25648C31001E35EF /* Resources */,
				BC3B946225648C31001E35EF /* Embed App Extensions */,
			);
			buildRules = (
			);
			dependencies = (
				BC3B945425648C31001E35EF /* PBXTargetDependency */,
			);
			name = "Sauce for Strava™";
			productName = "Sauce for Strava™";
			productReference = BC3B943F25648C31001E35EF /* Sauce for Strava™.app */;
			productType = "com.apple.product-type.application";
		};
		BC3B945025648C31001E35EF /* Sauce for Strava™ Extension */ = {
			isa = PBXNativeTarget;
			buildConfigurationList = BC3B945F25648C31001E35EF /* Build configuration list for PBXNativeTarget "Sauce for Strava™ Extension" */;
			buildPhases = (
				BC3B944D25648C31001E35EF /* Sources */,
				BC3B944E25648C31001E35EF /* Frameworks */,
				BC3B944F25648C31001E35EF /* Resources */,
			);
			buildRules = (
			);
			dependencies = (
			);
			name = "Sauce for Strava™ Extension";
			productName = "Sauce for Strava™ Extension";
			productReference = BC3B945125648C31001E35EF /* Sauce for Strava™ Extension.appex */;
			productType = "com.apple.product-type.app-extension";
		};
/* End PBXNativeTarget section */

/* Begin PBXProject section */
		BC3B943725648C31001E35EF /* Project object */ = {
			isa = PBXProject;
			attributes = {
				LastSwiftUpdateCheck = 1220;
				LastUpgradeCheck = 1220;
				TargetAttributes = {
					BC3B943E25648C31001E35EF = {
						CreatedOnToolsVersion = 12.2;
					};
					BC3B945025648C31001E35EF = {
						CreatedOnToolsVersion = 12.2;
					};
				};
			};
			buildConfigurationList = BC3B943A25648C31001E35EF /* Build configuration list for PBXProject "Sauce for Strava™" */;
			compatibilityVersion = "Xcode 9.3";
			developmentRegion = en;
			hasScannedForEncodings = 0;
			knownRegions = (
				en,
				Base,
			);
			mainGroup = BC3B943625648C31001E35EF;
			productRefGroup = BC3B944025648C31001E35EF /* Products */;
			projectDirPath = "";
			projectRoot = "";
			targets = (
				BC3B943E25648C31001E35EF /* Sauce for Strava™ */,
				BC3B945025648C31001E35EF /* Sauce for Strava™ Extension */,
			);
		};
/* End PBXProject section */

/* Begin PBXResourcesBuildPhase section */
		BC3B943D25648C31001E35EF /* Resources */ = {
			isa = PBXResourcesBuildPhase;
			buildActionMask = 2147483647;
			files = (
				BC3B944B25648C31001E35EF /* Assets.xcassets in Resources */,
				BC3B944725648C31001E35EF /* Main.storyboard in Resources */,
			);
			runOnlyForDeploymentPostprocessing = 0;
		};
		BC3B944F25648C31001E35EF /* Resources */ = {
			isa = PBXResourcesBuildPhase;
			buildActionMask = 2147483647;
			files = (
				BC3B948625648C32001E35EF /* safari-app in Resources */,
				BC3B948025648C32001E35EF /* images in Resources */,
				BC3B948D25648C32001E35EF /* assets in Resources */,
				BC3B947F25648C32001E35EF /* css in Resources */,
				BC3B948B25648C32001E35EF /* _locales in Resources */,
				BC3B948925648C32001E35EF /* manifest.json in Resources */,
				BC3B948725648C32001E35EF /* package.json in Resources */,
				BC3B948F25648C32001E35EF /* build.json in Resources */,
				BC3B948425648C32001E35EF /* LICENSE in Resources */,
				BC3B948225648C32001E35EF /* manifest_gecko.json in Resources */,
				BC3B948E25648C32001E35EF /* pages in Resources */,
				BC3B948825648C32001E35EF /* README.md in Resources */,
				BC3B948A25648C32001E35EF /* templates in Resources */,
				BC3B948325648C32001E35EF /* node_modules in Resources */,
				BC3B948C25648C32001E35EF /* manifest_base.json in Resources */,
				BC3B948125648C32001E35EF /* scss in Resources */,
				BC3B947D25648C32001E35EF /* test in Resources */,
				BC3B947C25648C32001E35EF /* tools in Resources */,
				BC3B948525648C32001E35EF /* manifest_chromium.json in Resources */,
				BC3B949025648C32001E35EF /* src in Resources */,
			);
			runOnlyForDeploymentPostprocessing = 0;
		};
/* End PBXResourcesBuildPhase section */

/* Begin PBXSourcesBuildPhase section */
		BC3B943B25648C31001E35EF /* Sources */ = {
			isa = PBXSourcesBuildPhase;
			buildActionMask = 2147483647;
			files = (
				BC3B944925648C31001E35EF /* ViewController.swift in Sources */,
				BC3B944425648C31001E35EF /* AppDelegate.swift in Sources */,
			);
			runOnlyForDeploymentPostprocessing = 0;
		};
		BC3B944D25648C31001E35EF /* Sources */ = {
			isa = PBXSourcesBuildPhase;
			buildActionMask = 2147483647;
			files = (
				BC3B947E25648C32001E35EF /* Makefile in Sources */,
				BC3B945A25648C31001E35EF /* SafariWebExtensionHandler.swift in Sources */,
			);
			runOnlyForDeploymentPostprocessing = 0;
		};
/* End PBXSourcesBuildPhase section */

/* Begin PBXTargetDependency section */
		BC3B945425648C31001E35EF /* PBXTargetDependency */ = {
			isa = PBXTargetDependency;
			target = BC3B945025648C31001E35EF /* Sauce for Strava™ Extension */;
			targetProxy = BC3B945325648C31001E35EF /* PBXContainerItemProxy */;
		};
/* End PBXTargetDependency section */

/* Begin PBXVariantGroup section */
		BC3B944525648C31001E35EF /* Main.storyboard */ = {
			isa = PBXVariantGroup;
			children = (
				BC3B944625648C31001E35EF /* Base */,
			);
			name = Main.storyboard;
			sourceTree = "<group>";
		};
/* End PBXVariantGroup section */

/* Begin XCBuildConfiguration section */
		BC3B945D25648C31001E35EF /* Debug */ = {
			isa = XCBuildConfiguration;
			buildSettings = {
				ALWAYS_SEARCH_USER_PATHS = NO;
				CLANG_ANALYZER_NONNULL = YES;
				CLANG_ANALYZER_NUMBER_OBJECT_CONVERSION = YES_AGGRESSIVE;
				CLANG_CXX_LANGUAGE_STANDARD = "gnu++14";
				CLANG_CXX_LIBRARY = "libc++";
				CLANG_ENABLE_MODULES = YES;
				CLANG_ENABLE_OBJC_ARC = YES;
				CLANG_ENABLE_OBJC_WEAK = YES;
				CLANG_WARN_BLOCK_CAPTURE_AUTORELEASING = YES;
				CLANG_WARN_BOOL_CONVERSION = YES;
				CLANG_WARN_COMMA = YES;
				CLANG_WARN_CONSTANT_CONVERSION = YES;
				CLANG_WARN_DEPRECATED_OBJC_IMPLEMENTATIONS = YES;
				CLANG_WARN_DIRECT_OBJC_ISA_USAGE = YES_ERROR;
				CLANG_WARN_DOCUMENTATION_COMMENTS = YES;
				CLANG_WARN_EMPTY_BODY = YES;
				CLANG_WARN_ENUM_CONVERSION = YES;
				CLANG_WARN_INFINITE_RECURSION = YES;
				CLANG_WARN_INT_CONVERSION = YES;
				CLANG_WARN_NON_LITERAL_NULL_CONVERSION = YES;
				CLANG_WARN_OBJC_IMPLICIT_RETAIN_SELF = YES;
				CLANG_WARN_OBJC_LITERAL_CONVERSION = YES;
				CLANG_WARN_OBJC_ROOT_CLASS = YES_ERROR;
				CLANG_WARN_QUOTED_INCLUDE_IN_FRAMEWORK_HEADER = YES;
				CLANG_WARN_RANGE_LOOP_ANALYSIS = YES;
				CLANG_WARN_STRICT_PROTOTYPES = YES;
				CLANG_WARN_SUSPICIOUS_MOVE = YES;
				CLANG_WARN_UNGUARDED_AVAILABILITY = YES_AGGRESSIVE;
				CLANG_WARN_UNREACHABLE_CODE = YES;
				CLANG_WARN__DUPLICATE_METHOD_MATCH = YES;
				COPY_PHASE_STRIP = NO;
				DEBUG_INFORMATION_FORMAT = dwarf;
				ENABLE_STRICT_OBJC_MSGSEND = YES;
				ENABLE_TESTABILITY = YES;
				GCC_C_LANGUAGE_STANDARD = gnu11;
				GCC_DYNAMIC_NO_PIC = NO;
				GCC_NO_COMMON_BLOCKS = YES;
				GCC_OPTIMIZATION_LEVEL = 0;
				GCC_PREPROCESSOR_DEFINITIONS = (
					"DEBUG=1",
					"$(inherited)",
				);
				GCC_WARN_64_TO_32_BIT_CONVERSION = YES;
				GCC_WARN_ABOUT_RETURN_TYPE = YES_ERROR;
				GCC_WARN_UNDECLARED_SELECTOR = YES;
				GCC_WARN_UNINITIALIZED_AUTOS = YES_AGGRESSIVE;
				GCC_WARN_UNUSED_FUNCTION = YES;
				GCC_WARN_UNUSED_VARIABLE = YES;
				MACOSX_DEPLOYMENT_TARGET = 10.15;
				MTL_ENABLE_DEBUG_INFO = INCLUDE_SOURCE;
				MTL_FAST_MATH = YES;
				ONLY_ACTIVE_ARCH = YES;
				SDKROOT = macosx;
				SWIFT_ACTIVE_COMPILATION_CONDITIONS = DEBUG;
				SWIFT_OPTIMIZATION_LEVEL = "-Onone";
			};
			name = Debug;
		};
		BC3B945E25648C31001E35EF /* Release */ = {
			isa = XCBuildConfiguration;
			buildSettings = {
				ALWAYS_SEARCH_USER_PATHS = NO;
				CLANG_ANALYZER_NONNULL = YES;
				CLANG_ANALYZER_NUMBER_OBJECT_CONVERSION = YES_AGGRESSIVE;
				CLANG_CXX_LANGUAGE_STANDARD = "gnu++14";
				CLANG_CXX_LIBRARY = "libc++";
				CLANG_ENABLE_MODULES = YES;
				CLANG_ENABLE_OBJC_ARC = YES;
				CLANG_ENABLE_OBJC_WEAK = YES;
				CLANG_WARN_BLOCK_CAPTURE_AUTORELEASING = YES;
				CLANG_WARN_BOOL_CONVERSION = YES;
				CLANG_WARN_COMMA = YES;
				CLANG_WARN_CONSTANT_CONVERSION = YES;
				CLANG_WARN_DEPRECATED_OBJC_IMPLEMENTATIONS = YES;
				CLANG_WARN_DIRECT_OBJC_ISA_USAGE = YES_ERROR;
				CLANG_WARN_DOCUMENTATION_COMMENTS = YES;
				CLANG_WARN_EMPTY_BODY = YES;
				CLANG_WARN_ENUM_CONVERSION = YES;
				CLANG_WARN_INFINITE_RECURSION = YES;
				CLANG_WARN_INT_CONVERSION = YES;
				CLANG_WARN_NON_LITERAL_NULL_CONVERSION = YES;
				CLANG_WARN_OBJC_IMPLICIT_RETAIN_SELF = YES;
				CLANG_WARN_OBJC_LITERAL_CONVERSION = YES;
				CLANG_WARN_OBJC_ROOT_CLASS = YES_ERROR;
				CLANG_WARN_QUOTED_INCLUDE_IN_FRAMEWORK_HEADER = YES;
				CLANG_WARN_RANGE_LOOP_ANALYSIS = YES;
				CLANG_WARN_STRICT_PROTOTYPES = YES;
				CLANG_WARN_SUSPICIOUS_MOVE = YES;
				CLANG_WARN_UNGUARDED_AVAILABILITY = YES_AGGRESSIVE;
				CLANG_WARN_UNREACHABLE_CODE = YES;
				CLANG_WARN__DUPLICATE_METHOD_MATCH = YES;
				COPY_PHASE_STRIP = NO;
				DEBUG_INFORMATION_FORMAT = "dwarf-with-dsym";
				ENABLE_NS_ASSERTIONS = NO;
				ENABLE_STRICT_OBJC_MSGSEND = YES;
				GCC_C_LANGUAGE_STANDARD = gnu11;
				GCC_NO_COMMON_BLOCKS = YES;
				GCC_WARN_64_TO_32_BIT_CONVERSION = YES;
				GCC_WARN_ABOUT_RETURN_TYPE = YES_ERROR;
				GCC_WARN_UNDECLARED_SELECTOR = YES;
				GCC_WARN_UNINITIALIZED_AUTOS = YES_AGGRESSIVE;
				GCC_WARN_UNUSED_FUNCTION = YES;
				GCC_WARN_UNUSED_VARIABLE = YES;
				MACOSX_DEPLOYMENT_TARGET = 10.15;
				MTL_ENABLE_DEBUG_INFO = NO;
				MTL_FAST_MATH = YES;
				SDKROOT = macosx;
				SWIFT_COMPILATION_MODE = wholemodule;
				SWIFT_OPTIMIZATION_LEVEL = "-O";
			};
			name = Release;
		};
		BC3B946025648C31001E35EF /* Debug */ = {
			isa = XCBuildConfiguration;
			buildSettings = {
				CODE_SIGN_ENTITLEMENTS = "Sauce for Strava™ Extension/sauce4strava_Extension.entitlements";
				CODE_SIGN_STYLE = Automatic;
				INFOPLIST_FILE = "Sauce for Strava™ Extension/Info.plist";
				LD_RUNPATH_SEARCH_PATHS = (
					"$(inherited)",
					"@executable_path/../Frameworks",
					"@executable_path/../../../../Frameworks",
				);
				MACOSX_DEPLOYMENT_TARGET = 10.14;
				PRODUCT_BUNDLE_IDENTIFIER = com.sauce.sauce4strava.Extension;
				PRODUCT_NAME = "$(TARGET_NAME)";
				SKIP_INSTALL = YES;
				SWIFT_VERSION = 5.0;
			};
			name = Debug;
		};
		BC3B946125648C31001E35EF /* Release */ = {
			isa = XCBuildConfiguration;
			buildSettings = {
				CODE_SIGN_ENTITLEMENTS = "Sauce for Strava™ Extension/sauce4strava_Extension.entitlements";
				CODE_SIGN_STYLE = Automatic;
				INFOPLIST_FILE = "Sauce for Strava™ Extension/Info.plist";
				LD_RUNPATH_SEARCH_PATHS = (
					"$(inherited)",
					"@executable_path/../Frameworks",
					"@executable_path/../../../../Frameworks",
				);
				MACOSX_DEPLOYMENT_TARGET = 10.14;
				PRODUCT_BUNDLE_IDENTIFIER = com.sauce.sauce4strava.Extension;
				PRODUCT_NAME = "$(TARGET_NAME)";
				SKIP_INSTALL = YES;
				SWIFT_VERSION = 5.0;
			};
			name = Release;
		};
		BC3B946425648C31001E35EF /* Debug */ = {
			isa = XCBuildConfiguration;
			buildSettings = {
				ALWAYS_EMBED_SWIFT_STANDARD_LIBRARIES = YES;
				ASSETCATALOG_COMPILER_APPICON_NAME = AppIcon;
				ASSETCATALOG_COMPILER_GLOBAL_ACCENT_COLOR_NAME = AccentColor;
				CODE_SIGN_ENTITLEMENTS = "Sauce for Strava™/sauce4strava.entitlements";
				CODE_SIGN_STYLE = Automatic;
				COMBINE_HIDPI_IMAGES = YES;
				INFOPLIST_FILE = "Sauce for Strava™/Info.plist";
				LD_RUNPATH_SEARCH_PATHS = (
					"$(inherited)",
					"@executable_path/../Frameworks",
				);
				MACOSX_DEPLOYMENT_TARGET = 10.14;
				MARKETING_VERSION = 7.0.0;
				PRODUCT_BUNDLE_IDENTIFIER = com.sauce.sauce4strava;
				PRODUCT_NAME = "$(TARGET_NAME)";
				SWIFT_VERSION = 5.0;
			};
			name = Debug;
		};
		BC3B946525648C31001E35EF /* Release */ = {
			isa = XCBuildConfiguration;
			buildSettings = {
				ALWAYS_EMBED_SWIFT_STANDARD_LIBRARIES = YES;
				ASSETCATALOG_COMPILER_APPICON_NAME = AppIcon;
				ASSETCATALOG_COMPILER_GLOBAL_ACCENT_COLOR_NAME = AccentColor;
				CODE_SIGN_ENTITLEMENTS = "Sauce for Strava™/sauce4strava.entitlements";
				CODE_SIGN_STYLE = Automatic;
				COMBINE_HIDPI_IMAGES = YES;
				INFOPLIST_FILE = "Sauce for Strava™/Info.plist";
				LD_RUNPATH_SEARCH_PATHS = (
					"$(inherited)",
					"@executable_path/../Frameworks",
				);
				MACOSX_DEPLOYMENT_TARGET = 10.14;
				MARKETING_VERSION = 7.0.0;
				PRODUCT_BUNDLE_IDENTIFIER = com.sauce.sauce4strava;
				PRODUCT_NAME = "$(TARGET_NAME)";
				SWIFT_VERSION = 5.0;
			};
			name = Release;
		};
/* End XCBuildConfiguration section */

/* Begin XCConfigurationList section */
		BC3B943A25648C31001E35EF /* Build configuration list for PBXProject "Sauce for Strava™" */ = {
			isa = XCConfigurationList;
			buildConfigurations = (
				BC3B945D25648C31001E35EF /* Debug */,
				BC3B945E25648C31001E35EF /* Release */,
			);
			defaultConfigurationIsVisible = 0;
			defaultConfigurationName = Release;
		};
		BC3B945F25648C31001E35EF /* Build configuration list for PBXNativeTarget "Sauce for Strava™ Extension" */ = {
			isa = XCConfigurationList;
			buildConfigurations = (
				BC3B946025648C31001E35EF /* Debug */,
				BC3B946125648C31001E35EF /* Release */,
			);
			defaultConfigurationIsVisible = 0;
			defaultConfigurationName = Release;
		};
		BC3B946325648C31001E35EF /* Build configuration list for PBXNativeTarget "Sauce for Strava™" */ = {
			isa = XCConfigurationList;
			buildConfigurations = (
				BC3B946425648C31001E35EF /* Debug */,
				BC3B946525648C31001E35EF /* Release */,
			);
			defaultConfigurationIsVisible = 0;
			defaultConfigurationName = Release;
		};
/* End XCConfigurationList section */
	};
	rootObject = BC3B943725648C31001E35EF /* Project object */;
}
